{
    "_readme": [
        "This file locks the dependencies of your project to a known state",
        "Read more about it at https://getcomposer.org/doc/01-basic-usage.md#installing-dependencies",
        "This file is @generated automatically"
    ],
    "content-hash": "bed67bf82655cbf0f59bb5cdf18e1421",
    "packages": [],
    "packages-dev": [
        {
            "name": "websyspro/common",
            "version": "dev-main",
            "source": {
                "type": "git",
                "url": "https://github.com/websyspro/common.git",
                "reference": "a1dbb189c87d1a6a5dcd0af5e6c27c2b59d0ef93"
            },
            "dist": {
                "type": "zip",
                "url": "https://api.github.com/repos/websyspro/common/zipball/a1dbb189c87d1a6a5dcd0af5e6c27c2b59d0ef93",
                "reference": "a1dbb189c87d1a6a5dcd0af5e6c27c2b59d0ef93",
                "shasum": ""
            },
            "default-branch": true,
            "type": "library",
            "autoload": {
                "psr-4": {
                    "Websyspro\\Commons\\": "src/"
                }
            },
            "notification-url": "https://packagist.org/downloads/",
            "license": [
                "MIT"
            ],
            "authors": [
                {
                    "name": "websyspro",
                    "email": "websyspro.services@gmail.com"
                }
            ],
            "description": "Set of PHP features for use in Libraries",
            "support": {
                "issues": "https://github.com/websyspro/common/issues",
                "source": "https://github.com/websyspro/common/tree/main"
            },
            "time": "2025-08-01T03:17:37+00:00"
        },
        {
            "name": "websyspro/dynamicsql",
            "version": "dev-main",
            "source": {
                "type": "git",
                "url": "https://github.com/websyspro/dynamicsql.git",
                "reference": "9437f2a5709fedf40092fd11ab8d5ca2ff1b1f6d"
            },
            "dist": {
                "type": "zip",
                "url": "https://api.github.com/repos/websyspro/dynamicsql/zipball/9437f2a5709fedf40092fd11ab8d5ca2ff1b1f6d",
                "reference": "9437f2a5709fedf40092fd11ab8d5ca2ff1b1f6d",
                "shasum": ""
            },
            "require-dev": {
                "websyspro/common": "dev-main",
                "websyspro/entity": "dev-main",
                "websyspro/watch": "dev-main"
            },
            "default-branch": true,
            "type": "library",
            "autoload": {
                "files": [
                    "src/Methods.php"
                ],
                "psr-4": {
                    "Websyspro\\DynamicSql\\": "src/"
                }
            },
            "notification-url": "https://packagist.org/downloads/",
            "license": [
                "MIT"
            ],
            "authors": [
                {
                    "name": "websyspro",
                    "email": "websyspro.services@gmail.com"
                }
            ],
            "description": "Set of features in PHP for creating dynamic SQL",
            "support": {
                "issues": "https://github.com/websyspro/dynamicsql/issues",
                "source": "https://github.com/websyspro/dynamicsql/tree/main"
            },
            "time": "2025-08-05T20:21:14+00:00"
        },
        {
            "name": "websyspro/logger",
            "version": "dev-main",
            "source": {
                "type": "git",
                "url": "https://github.com/websyspro/logger.git",
                "reference": "df2f15af1992ab7287fd01968c75accec3863f56"
            },
            "dist": {
                "type": "zip",
                "url": "https://api.github.com/repos/websyspro/logger/zipball/df2f15af1992ab7287fd01968c75accec3863f56",
                "reference": "df2f15af1992ab7287fd01968c75accec3863f56",
                "shasum": ""
            },
            "default-branch": true,
            "type": "library",
            "autoload": {
                "psr-4": {
                    "Websyspro\\Logger\\": "src/"
                }
            },
            "notification-url": "https://packagist.org/downloads/",
            "license": [
                "MIT"
            ],
            "authors": [
                {
                    "name": "websyspro",
                    "email": "websyspro.services@gmail.com"
                }
            ],
            "description": "Library for logs in server api",
            "support": {
                "issues": "https://github.com/websyspro/logger/issues",
                "source": "https://github.com/websyspro/logger/tree/main"
            },
            "time": "2025-08-07T21:40:59+00:00"
        }
    ],
    "aliases": [],
    "minimum-stability": "stable",
    "stability-flags": {
        "websyspro/common": 20,
        "websyspro/dynamicsql": 20,
        "websyspro/logger": 20
    },
    "prefer-stable": false,
    "prefer-lowest": false,
    "platform": {},
    "platform-dev": {},
    "plugin-api-version": "2.6.0"
}
